
Microsoft Visual Studio Solution File, Format Version 12.00
# Visual Studio Version 17
VisualStudioVersion = 17.14.36212.18
MinimumVisualStudioVersion = 10.0.40219.1
Project("{2150E333-8FDC-42A3-9474-1A3956D46DE8}") = "Solution Items", "Solution Items", "{02EA681E-C7D8-13C7-8484-4AC65E1B71E8}"
	ProjectSection(SolutionItems) = preProject
		ServiceUrls.txt = ServiceUrls.txt
	EndProjectSection
EndProject
Project("{2150E333-8FDC-42A3-9474-1A3956D46DE8}") = "src", "src", "{399DCF59-0644-4D7A-BFBF-7F72F12FBD3E}"
EndProject
Project("{2150E333-8FDC-42A3-9474-1A3956D46DE8}") = "ApiGateways", "ApiGateways", "{4A2A0A3F-628E-4077-9DCF-98442FD3CFC5}"
EndProject
Project("{2150E333-8FDC-42A3-9474-1A3956D46DE8}") = "BuildingBlocks", "BuildingBlocks", "{3BEA63BC-C0A7-4C15-A6D1-46667DAD034B}"
EndProject
Project("{2150E333-8FDC-42A3-9474-1A3956D46DE8}") = "Services", "Services", "{39CE4841-879A-4C78-A0E8-EB7D95750C43}"
EndProject
Project("{2150E333-8FDC-42A3-9474-1A3956D46DE8}") = "Clients", "Clients", "{69D0B320-E8B3-4B42-8810-0B9981438394}"
EndProject
Project("{FAE04EC0-301F-11D3-BF4B-00C04F79EFBC}") = "Social.ApiGateway", "src\ApiGateways\Social.ApiGateway\Social.ApiGateway.csproj", "{FA7BB513-6620-4340-ACAE-172D52CAD208}"
EndProject
Project("{2150E333-8FDC-42A3-9474-1A3956D46DE8}") = "EventBus", "EventBus", "{D5928269-E1E5-4782-BF08-6086796F1ECE}"
EndProject
Project("{FAE04EC0-301F-11D3-BF4B-00C04F79EFBC}") = "EventBus.Base", "src\BuildingBlocks\EventBus\EventBus.Base\EventBus.Base.csproj", "{7E183021-167A-4D7A-B521-3DEEAFA6F8C8}"
EndProject
Project("{FAE04EC0-301F-11D3-BF4B-00C04F79EFBC}") = "EventBus.Factory", "src\BuildingBlocks\EventBus\EventBus.Factory\EventBus.Factory.csproj", "{3E99B876-F86A-45DD-B03B-F1690C9E69C0}"
EndProject
Project("{FAE04EC0-301F-11D3-BF4B-00C04F79EFBC}") = "EventBus.RabbitMQ", "src\BuildingBlocks\EventBus\EventBus.RabbitMQ\EventBus.RabbitMQ.csproj", "{52448F15-7448-4B35-BACA-2931AF2C9C92}"
EndProject
Project("{2150E333-8FDC-42A3-9474-1A3956D46DE8}") = "UserService", "UserService", "{5821091C-01E1-4F62-9E82-DAB23A755E2B}"
EndProject
Project("{2150E333-8FDC-42A3-9474-1A3956D46DE8}") = "MediaService", "MediaService", "{624C1BF6-449C-4F90-92D1-51055F00AB94}"
EndProject
Project("{2150E333-8FDC-42A3-9474-1A3956D46DE8}") = "PostService", "PostService", "{CA24AD6C-C59A-4D77-B6E7-A9B26708BBC1}"
EndProject
Project("{2150E333-8FDC-42A3-9474-1A3956D46DE8}") = "CommentService", "CommentService", "{428E67EF-58E1-48E1-9B43-521E69B0BFEA}"
EndProject
Project("{2150E333-8FDC-42A3-9474-1A3956D46DE8}") = "LikeService", "LikeService", "{71B1C548-8303-40A3-A915-404B419222FE}"
EndProject
Project("{2150E333-8FDC-42A3-9474-1A3956D46DE8}") = "FollowService", "FollowService", "{53DFCBFE-0789-4852-983D-C03EC51B1B62}"
EndProject
Project("{2150E333-8FDC-42A3-9474-1A3956D46DE8}") = "NotificationService", "NotificationService", "{6066160E-FCC5-4B4E-920E-3E5D6C5C235A}"
EndProject
Project("{2150E333-8FDC-42A3-9474-1A3956D46DE8}") = "IdentityService", "IdentityService", "{C57EA684-CEBA-4E7E-9BFE-236290A975F0}"
EndProject
Project("{2150E333-8FDC-42A3-9474-1A3956D46DE8}") = "WebApp", "WebApp", "{AD4EF9A4-767E-415E-9739-ED551F07D05F}"
EndProject
Project("{2150E333-8FDC-42A3-9474-1A3956D46DE8}") = "tests", "tests", "{2EF3CC70-265D-41A0-B4E3-74F20E5BB8FB}"
EndProject
Project("{2150E333-8FDC-42A3-9474-1A3956D46DE8}") = "BuildingBlocks", "BuildingBlocks", "{1FAC1C53-C1CF-4C7C-AF85-F54DE7848662}"
EndProject
Project("{FAE04EC0-301F-11D3-BF4B-00C04F79EFBC}") = "EventBus.UnitTest", "tests\BuildingBlocks\EventBus.UnitTest\EventBus.UnitTest.csproj", "{FABDC511-48AA-499B-9B98-59259C0CCA7B}"
EndProject
Project("{FAE04EC0-301F-11D3-BF4B-00C04F79EFBC}") = "IdentityService.Domain", "src\Services\IdentityService\IdentityService.Domain\IdentityService.Domain.csproj", "{6FC49507-5AC6-4DC2-8767-D8ED32A5D375}"
EndProject
Project("{FAE04EC0-301F-11D3-BF4B-00C04F79EFBC}") = "IdentityService.Application", "src\Services\IdentityService\IdentityService.Application\IdentityService.Application.csproj", "{73AC8AC5-D0F4-4066-803B-1C789357DF16}"
EndProject
Project("{FAE04EC0-301F-11D3-BF4B-00C04F79EFBC}") = "IdentityService.Infrastructure", "src\Services\IdentityService\IdentityService.Infrastructure\IdentityService.Infrastructure.csproj", "{41F158A7-29C1-45C1-9DF0-529A6FCA1DC4}"
EndProject
Project("{FAE04EC0-301F-11D3-BF4B-00C04F79EFBC}") = "IdentityService.API", "src\Services\IdentityService\IdentityService.API\IdentityService.API.csproj", "{7064BB21-0CFA-483F-B69D-F8F8454CAE4C}"
EndProject
Project("{FAE04EC0-301F-11D3-BF4B-00C04F79EFBC}") = "UserService.API", "src\Services\UserService\UserService.API\UserService.API.csproj", "{C369DAFB-78B4-4121-A88A-BBECAF8B06BC}"
EndProject
Project("{FAE04EC0-301F-11D3-BF4B-00C04F79EFBC}") = "UserService.Application", "src\Services\UserService\UserService.Application\UserService.Application.csproj", "{3D3285A2-5A43-4700-9BFF-3D9B51DC02D5}"
EndProject
Project("{FAE04EC0-301F-11D3-BF4B-00C04F79EFBC}") = "UserService.Domain", "src\Services\UserService\UserService.Domain\UserService.Domain.csproj", "{B6F8B9DF-C4F8-4E82-AB0C-50025660D391}"
EndProject
Project("{FAE04EC0-301F-11D3-BF4B-00C04F79EFBC}") = "UserService.Infrastructure", "src\Services\UserService\UserService.Infrastructure\UserService.Infrastructure.csproj", "{850EE653-136F-47C9-922C-1AD692EAFA99}"
EndProject
Global
	GlobalSection(SolutionConfigurationPlatforms) = preSolution
		Debug|Any CPU = Debug|Any CPU
		Release|Any CPU = Release|Any CPU
	EndGlobalSection
	GlobalSection(ProjectConfigurationPlatforms) = postSolution
		{FA7BB513-6620-4340-ACAE-172D52CAD208}.Debug|Any CPU.ActiveCfg = Debug|Any CPU
		{FA7BB513-6620-4340-ACAE-172D52CAD208}.Debug|Any CPU.Build.0 = Debug|Any CPU
		{FA7BB513-6620-4340-ACAE-172D52CAD208}.Release|Any CPU.ActiveCfg = Release|Any CPU
		{FA7BB513-6620-4340-ACAE-172D52CAD208}.Release|Any CPU.Build.0 = Release|Any CPU
		{7E183021-167A-4D7A-B521-3DEEAFA6F8C8}.Debug|Any CPU.ActiveCfg = Debug|Any CPU
		{7E183021-167A-4D7A-B521-3DEEAFA6F8C8}.Debug|Any CPU.Build.0 = Debug|Any CPU
		{7E183021-167A-4D7A-B521-3DEEAFA6F8C8}.Release|Any CPU.ActiveCfg = Release|Any CPU
		{7E183021-167A-4D7A-B521-3DEEAFA6F8C8}.Release|Any CPU.Build.0 = Release|Any CPU
		{3E99B876-F86A-45DD-B03B-F1690C9E69C0}.Debug|Any CPU.ActiveCfg = Debug|Any CPU
		{3E99B876-F86A-45DD-B03B-F1690C9E69C0}.Debug|Any CPU.Build.0 = Debug|Any CPU
		{3E99B876-F86A-45DD-B03B-F1690C9E69C0}.Release|Any CPU.ActiveCfg = Release|Any CPU
		{3E99B876-F86A-45DD-B03B-F1690C9E69C0}.Release|Any CPU.Build.0 = Release|Any CPU
		{52448F15-7448-4B35-BACA-2931AF2C9C92}.Debug|Any CPU.ActiveCfg = Debug|Any CPU
		{52448F15-7448-4B35-BACA-2931AF2C9C92}.Debug|Any CPU.Build.0 = Debug|Any CPU
		{52448F15-7448-4B35-BACA-2931AF2C9C92}.Release|Any CPU.ActiveCfg = Release|Any CPU
		{52448F15-7448-4B35-BACA-2931AF2C9C92}.Release|Any CPU.Build.0 = Release|Any CPU
		{FABDC511-48AA-499B-9B98-59259C0CCA7B}.Debug|Any CPU.ActiveCfg = Debug|Any CPU
		{FABDC511-48AA-499B-9B98-59259C0CCA7B}.Debug|Any CPU.Build.0 = Debug|Any CPU
		{FABDC511-48AA-499B-9B98-59259C0CCA7B}.Release|Any CPU.ActiveCfg = Release|Any CPU
		{FABDC511-48AA-499B-9B98-59259C0CCA7B}.Release|Any CPU.Build.0 = Release|Any CPU
		{6FC49507-5AC6-4DC2-8767-D8ED32A5D375}.Debug|Any CPU.ActiveCfg = Debug|Any CPU
		{6FC49507-5AC6-4DC2-8767-D8ED32A5D375}.Debug|Any CPU.Build.0 = Debug|Any CPU
		{6FC49507-5AC6-4DC2-8767-D8ED32A5D375}.Release|Any CPU.ActiveCfg = Release|Any CPU
		{6FC49507-5AC6-4DC2-8767-D8ED32A5D375}.Release|Any CPU.Build.0 = Release|Any CPU
		{73AC8AC5-D0F4-4066-803B-1C789357DF16}.Debug|Any CPU.ActiveCfg = Debug|Any CPU
		{73AC8AC5-D0F4-4066-803B-1C789357DF16}.Debug|Any CPU.Build.0 = Debug|Any CPU
		{73AC8AC5-D0F4-4066-803B-1C789357DF16}.Release|Any CPU.ActiveCfg = Release|Any CPU
		{73AC8AC5-D0F4-4066-803B-1C789357DF16}.Release|Any CPU.Build.0 = Release|Any CPU
		{41F158A7-29C1-45C1-9DF0-529A6FCA1DC4}.Debug|Any CPU.ActiveCfg = Debug|Any CPU
		{41F158A7-29C1-45C1-9DF0-529A6FCA1DC4}.Debug|Any CPU.Build.0 = Debug|Any CPU
		{41F158A7-29C1-45C1-9DF0-529A6FCA1DC4}.Release|Any CPU.ActiveCfg = Release|Any CPU
		{41F158A7-29C1-45C1-9DF0-529A6FCA1DC4}.Release|Any CPU.Build.0 = Release|Any CPU
		{7064BB21-0CFA-483F-B69D-F8F8454CAE4C}.Debug|Any CPU.ActiveCfg = Debug|Any CPU
		{7064BB21-0CFA-483F-B69D-F8F8454CAE4C}.Debug|Any CPU.Build.0 = Debug|Any CPU
		{7064BB21-0CFA-483F-B69D-F8F8454CAE4C}.Release|Any CPU.ActiveCfg = Release|Any CPU
		{7064BB21-0CFA-483F-B69D-F8F8454CAE4C}.Release|Any CPU.Build.0 = Release|Any CPU
		{C369DAFB-78B4-4121-A88A-BBECAF8B06BC}.Debug|Any CPU.ActiveCfg = Debug|Any CPU
		{C369DAFB-78B4-4121-A88A-BBECAF8B06BC}.Debug|Any CPU.Build.0 = Debug|Any CPU
		{C369DAFB-78B4-4121-A88A-BBECAF8B06BC}.Release|Any CPU.ActiveCfg = Release|Any CPU
		{C369DAFB-78B4-4121-A88A-BBECAF8B06BC}.Release|Any CPU.Build.0 = Release|Any CPU
		{3D3285A2-5A43-4700-9BFF-3D9B51DC02D5}.Debug|Any CPU.ActiveCfg = Debug|Any CPU
		{3D3285A2-5A43-4700-9BFF-3D9B51DC02D5}.Debug|Any CPU.Build.0 = Debug|Any CPU
		{3D3285A2-5A43-4700-9BFF-3D9B51DC02D5}.Release|Any CPU.ActiveCfg = Release|Any CPU
		{3D3285A2-5A43-4700-9BFF-3D9B51DC02D5}.Release|Any CPU.Build.0 = Release|Any CPU
		{B6F8B9DF-C4F8-4E82-AB0C-50025660D391}.Debug|Any CPU.ActiveCfg = Debug|Any CPU
		{B6F8B9DF-C4F8-4E82-AB0C-50025660D391}.Debug|Any CPU.Build.0 = Debug|Any CPU
		{B6F8B9DF-C4F8-4E82-AB0C-50025660D391}.Release|Any CPU.ActiveCfg = Release|Any CPU
		{B6F8B9DF-C4F8-4E82-AB0C-50025660D391}.Release|Any CPU.Build.0 = Release|Any CPU
		{850EE653-136F-47C9-922C-1AD692EAFA99}.Debug|Any CPU.ActiveCfg = Debug|Any CPU
		{850EE653-136F-47C9-922C-1AD692EAFA99}.Debug|Any CPU.Build.0 = Debug|Any CPU
		{850EE653-136F-47C9-922C-1AD692EAFA99}.Release|Any CPU.ActiveCfg = Release|Any CPU
		{850EE653-136F-47C9-922C-1AD692EAFA99}.Release|Any CPU.Build.0 = Release|Any CPU
	EndGlobalSection
	GlobalSection(SolutionProperties) = preSolution
		HideSolutionNode = FALSE
	EndGlobalSection
	GlobalSection(NestedProjects) = preSolution
		{4A2A0A3F-628E-4077-9DCF-98442FD3CFC5} = {399DCF59-0644-4D7A-BFBF-7F72F12FBD3E}
		{3BEA63BC-C0A7-4C15-A6D1-46667DAD034B} = {399DCF59-0644-4D7A-BFBF-7F72F12FBD3E}
		{39CE4841-879A-4C78-A0E8-EB7D95750C43} = {399DCF59-0644-4D7A-BFBF-7F72F12FBD3E}
		{69D0B320-E8B3-4B42-8810-0B9981438394} = {399DCF59-0644-4D7A-BFBF-7F72F12FBD3E}
		{FA7BB513-6620-4340-ACAE-172D52CAD208} = {4A2A0A3F-628E-4077-9DCF-98442FD3CFC5}
		{D5928269-E1E5-4782-BF08-6086796F1ECE} = {3BEA63BC-C0A7-4C15-A6D1-46667DAD034B}
		{7E183021-167A-4D7A-B521-3DEEAFA6F8C8} = {D5928269-E1E5-4782-BF08-6086796F1ECE}
		{3E99B876-F86A-45DD-B03B-F1690C9E69C0} = {D5928269-E1E5-4782-BF08-6086796F1ECE}
		{52448F15-7448-4B35-BACA-2931AF2C9C92} = {D5928269-E1E5-4782-BF08-6086796F1ECE}
		{5821091C-01E1-4F62-9E82-DAB23A755E2B} = {39CE4841-879A-4C78-A0E8-EB7D95750C43}
		{624C1BF6-449C-4F90-92D1-51055F00AB94} = {39CE4841-879A-4C78-A0E8-EB7D95750C43}
		{CA24AD6C-C59A-4D77-B6E7-A9B26708BBC1} = {39CE4841-879A-4C78-A0E8-EB7D95750C43}
		{428E67EF-58E1-48E1-9B43-521E69B0BFEA} = {39CE4841-879A-4C78-A0E8-EB7D95750C43}
		{71B1C548-8303-40A3-A915-404B419222FE} = {39CE4841-879A-4C78-A0E8-EB7D95750C43}
		{53DFCBFE-0789-4852-983D-C03EC51B1B62} = {39CE4841-879A-4C78-A0E8-EB7D95750C43}
		{6066160E-FCC5-4B4E-920E-3E5D6C5C235A} = {39CE4841-879A-4C78-A0E8-EB7D95750C43}
		{C57EA684-CEBA-4E7E-9BFE-236290A975F0} = {39CE4841-879A-4C78-A0E8-EB7D95750C43}
		{AD4EF9A4-767E-415E-9739-ED551F07D05F} = {69D0B320-E8B3-4B42-8810-0B9981438394}
		{1FAC1C53-C1CF-4C7C-AF85-F54DE7848662} = {2EF3CC70-265D-41A0-B4E3-74F20E5BB8FB}
		{FABDC511-48AA-499B-9B98-59259C0CCA7B} = {1FAC1C53-C1CF-4C7C-AF85-F54DE7848662}
		{6FC49507-5AC6-4DC2-8767-D8ED32A5D375} = {C57EA684-CEBA-4E7E-9BFE-236290A975F0}
		{73AC8AC5-D0F4-4066-803B-1C789357DF16} = {C57EA684-CEBA-4E7E-9BFE-236290A975F0}
		{41F158A7-29C1-45C1-9DF0-529A6FCA1DC4} = {C57EA684-CEBA-4E7E-9BFE-236290A975F0}
		{7064BB21-0CFA-483F-B69D-F8F8454CAE4C} = {C57EA684-CEBA-4E7E-9BFE-236290A975F0}
		{C369DAFB-78B4-4121-A88A-BBECAF8B06BC} = {5821091C-01E1-4F62-9E82-DAB23A755E2B}
		{3D3285A2-5A43-4700-9BFF-3D9B51DC02D5} = {5821091C-01E1-4F62-9E82-DAB23A755E2B}
		{B6F8B9DF-C4F8-4E82-AB0C-50025660D391} = {5821091C-01E1-4F62-9E82-DAB23A755E2B}
		{850EE653-136F-47C9-922C-1AD692EAFA99} = {5821091C-01E1-4F62-9E82-DAB23A755E2B}
	EndGlobalSection
	GlobalSection(ExtensibilityGlobals) = postSolution
		SolutionGuid = {EB1A583E-B4C0-4171-AA0D-93DAF95A53AC}
	EndGlobalSection
EndGlobal
